
Microsoft Visual Studio Solution File, Format Version 12.00
# Visual Studio Version 17
VisualStudioVersion = 17.5.33516.290
MinimumVisualStudioVersion = 10.0.40219.1
Project("{8BC9CEB8-8B4A-11D0-8D11-00A0C91BC942}") = "HonGongC_2-2", "HonGongC_2-2.vcxproj", "{32C0B327-748C-40DB-B606-F7559CA10B30}"
EndProject
Global
	GlobalSection(SolutionConfigurationPlatforms) = preSolution
		Debug|x64 = Debug|x64
		Debug|x86 = Debug|x86
		Release|x64 = Release|x64
		Release|x86 = Release|x86
	EndGlobalSection
	GlobalSection(ProjectConfigurationPlatforms) = postSolution
		{32C0B327-748C-40DB-B606-F7559CA10B30}.Debug|x64.ActiveCfg = Debug|x64
		{32C0B327-748C-40DB-B606-F7559CA10B30}.Debug|x64.Build.0 = Debug|x64
		{32C0B327-748C-40DB-B606-F7559CA10B30}.Debug|x86.ActiveCfg = Debug|Win32
		{32C0B327-748C-40DB-B606-F7559CA10B30}.Debug|x86.Build.0 = Debug|Win32
		{32C0B327-748C-40DB-B606-F7559CA10B30}.Release|x64.ActiveCfg = Release|x64
		{32C0B327-748C-40DB-B606-F7559CA10B30}.Release|x64.Build.0 = Release|x64
		{32C0B327-748C-40DB-B606-F7559CA10B30}.Release|x86.ActiveCfg = Release|Win32
		{32C0B327-748C-40DB-B606-F7559CA10B30}.Release|x86.Build.0 = Release|Win32
	EndGlobalSection
	GlobalSection(SolutionProperties) = preSolution
		HideSolutionNode = FALSE
	EndGlobalSection
	GlobalSection(ExtensibilityGlobals) = postSolution
		SolutionGuid = {D315B2DF-D41D-4F5D-AC47-9797DEB85064}
	EndGlobalSection
EndGlobal
