
Microsoft Visual Studio Solution File, Format Version 12.00
# Visual Studio Version 17
VisualStudioVersion = 17.5.33516.290
MinimumVisualStudioVersion = 10.0.40219.1
Project("{8BC9CEB8-8B4A-11D0-8D11-00A0C91BC942}") = "HonGongC_9-2", "HonGongC_9-2.vcxproj", "{4F6330A0-A4A4-492C-BB64-60FA1969C291}"
EndProject
Global
	GlobalSection(SolutionConfigurationPlatforms) = preSolution
		Debug|x64 = Debug|x64
		Debug|x86 = Debug|x86
		Release|x64 = Release|x64
		Release|x86 = Release|x86
	EndGlobalSection
	GlobalSection(ProjectConfigurationPlatforms) = postSolution
		{4F6330A0-A4A4-492C-BB64-60FA1969C291}.Debug|x64.ActiveCfg = Debug|x64
		{4F6330A0-A4A4-492C-BB64-60FA1969C291}.Debug|x64.Build.0 = Debug|x64
		{4F6330A0-A4A4-492C-BB64-60FA1969C291}.Debug|x86.ActiveCfg = Debug|Win32
		{4F6330A0-A4A4-492C-BB64-60FA1969C291}.Debug|x86.Build.0 = Debug|Win32
		{4F6330A0-A4A4-492C-BB64-60FA1969C291}.Release|x64.ActiveCfg = Release|x64
		{4F6330A0-A4A4-492C-BB64-60FA1969C291}.Release|x64.Build.0 = Release|x64
		{4F6330A0-A4A4-492C-BB64-60FA1969C291}.Release|x86.ActiveCfg = Release|Win32
		{4F6330A0-A4A4-492C-BB64-60FA1969C291}.Release|x86.Build.0 = Release|Win32
	EndGlobalSection
	GlobalSection(SolutionProperties) = preSolution
		HideSolutionNode = FALSE
	EndGlobalSection
	GlobalSection(ExtensibilityGlobals) = postSolution
		SolutionGuid = {C73D1766-344B-494F-B708-8BEC607F4885}
	EndGlobalSection
EndGlobal
