
Microsoft Visual Studio Solution File, Format Version 12.00
# Visual Studio Version 17
VisualStudioVersion = 17.5.33516.290
MinimumVisualStudioVersion = 10.0.40219.1
Project("{8BC9CEB8-8B4A-11D0-8D11-00A0C91BC942}") = "HonGongC_5-2-3", "HonGongC_5-2-3.vcxproj", "{936A2370-EBA4-477B-A7E0-0B87E003DD0D}"
EndProject
Global
	GlobalSection(SolutionConfigurationPlatforms) = preSolution
		Debug|x64 = Debug|x64
		Debug|x86 = Debug|x86
		Release|x64 = Release|x64
		Release|x86 = Release|x86
	EndGlobalSection
	GlobalSection(ProjectConfigurationPlatforms) = postSolution
		{936A2370-EBA4-477B-A7E0-0B87E003DD0D}.Debug|x64.ActiveCfg = Debug|x64
		{936A2370-EBA4-477B-A7E0-0B87E003DD0D}.Debug|x64.Build.0 = Debug|x64
		{936A2370-EBA4-477B-A7E0-0B87E003DD0D}.Debug|x86.ActiveCfg = Debug|Win32
		{936A2370-EBA4-477B-A7E0-0B87E003DD0D}.Debug|x86.Build.0 = Debug|Win32
		{936A2370-EBA4-477B-A7E0-0B87E003DD0D}.Release|x64.ActiveCfg = Release|x64
		{936A2370-EBA4-477B-A7E0-0B87E003DD0D}.Release|x64.Build.0 = Release|x64
		{936A2370-EBA4-477B-A7E0-0B87E003DD0D}.Release|x86.ActiveCfg = Release|Win32
		{936A2370-EBA4-477B-A7E0-0B87E003DD0D}.Release|x86.Build.0 = Release|Win32
	EndGlobalSection
	GlobalSection(SolutionProperties) = preSolution
		HideSolutionNode = FALSE
	EndGlobalSection
	GlobalSection(ExtensibilityGlobals) = postSolution
		SolutionGuid = {0D40498A-34AA-4B42-9C55-83F8A54DFEB4}
	EndGlobalSection
EndGlobal
