
Microsoft Visual Studio Solution File, Format Version 12.00
# Visual Studio Version 17
VisualStudioVersion = 17.5.33516.290
MinimumVisualStudioVersion = 10.0.40219.1
Project("{8BC9CEB8-8B4A-11D0-8D11-00A0C91BC942}") = "HonGongC_5-6", "HonGongC_5-6.vcxproj", "{312B8B75-6786-42FB-8B0E-D8A1DE95B70E}"
EndProject
Global
	GlobalSection(SolutionConfigurationPlatforms) = preSolution
		Debug|x64 = Debug|x64
		Debug|x86 = Debug|x86
		Release|x64 = Release|x64
		Release|x86 = Release|x86
	EndGlobalSection
	GlobalSection(ProjectConfigurationPlatforms) = postSolution
		{312B8B75-6786-42FB-8B0E-D8A1DE95B70E}.Debug|x64.ActiveCfg = Debug|x64
		{312B8B75-6786-42FB-8B0E-D8A1DE95B70E}.Debug|x64.Build.0 = Debug|x64
		{312B8B75-6786-42FB-8B0E-D8A1DE95B70E}.Debug|x86.ActiveCfg = Debug|Win32
		{312B8B75-6786-42FB-8B0E-D8A1DE95B70E}.Debug|x86.Build.0 = Debug|Win32
		{312B8B75-6786-42FB-8B0E-D8A1DE95B70E}.Release|x64.ActiveCfg = Release|x64
		{312B8B75-6786-42FB-8B0E-D8A1DE95B70E}.Release|x64.Build.0 = Release|x64
		{312B8B75-6786-42FB-8B0E-D8A1DE95B70E}.Release|x86.ActiveCfg = Release|Win32
		{312B8B75-6786-42FB-8B0E-D8A1DE95B70E}.Release|x86.Build.0 = Release|Win32
	EndGlobalSection
	GlobalSection(SolutionProperties) = preSolution
		HideSolutionNode = FALSE
	EndGlobalSection
	GlobalSection(ExtensibilityGlobals) = postSolution
		SolutionGuid = {16EA20F5-80CD-4826-A88C-DC00EAA57195}
	EndGlobalSection
EndGlobal
