
Microsoft Visual Studio Solution File, Format Version 12.00
# Visual Studio Version 17
VisualStudioVersion = 17.5.33516.290
MinimumVisualStudioVersion = 10.0.40219.1
Project("{8BC9CEB8-8B4A-11D0-8D11-00A0C91BC942}") = "HonGongC_10-6", "HonGongC_10-6.vcxproj", "{83755756-850F-4BA5-8A2C-83207DAC3262}"
EndProject
Global
	GlobalSection(SolutionConfigurationPlatforms) = preSolution
		Debug|x64 = Debug|x64
		Debug|x86 = Debug|x86
		Release|x64 = Release|x64
		Release|x86 = Release|x86
	EndGlobalSection
	GlobalSection(ProjectConfigurationPlatforms) = postSolution
		{83755756-850F-4BA5-8A2C-83207DAC3262}.Debug|x64.ActiveCfg = Debug|x64
		{83755756-850F-4BA5-8A2C-83207DAC3262}.Debug|x64.Build.0 = Debug|x64
		{83755756-850F-4BA5-8A2C-83207DAC3262}.Debug|x86.ActiveCfg = Debug|Win32
		{83755756-850F-4BA5-8A2C-83207DAC3262}.Debug|x86.Build.0 = Debug|Win32
		{83755756-850F-4BA5-8A2C-83207DAC3262}.Release|x64.ActiveCfg = Release|x64
		{83755756-850F-4BA5-8A2C-83207DAC3262}.Release|x64.Build.0 = Release|x64
		{83755756-850F-4BA5-8A2C-83207DAC3262}.Release|x86.ActiveCfg = Release|Win32
		{83755756-850F-4BA5-8A2C-83207DAC3262}.Release|x86.Build.0 = Release|Win32
	EndGlobalSection
	GlobalSection(SolutionProperties) = preSolution
		HideSolutionNode = FALSE
	EndGlobalSection
	GlobalSection(ExtensibilityGlobals) = postSolution
		SolutionGuid = {DDD1575B-136D-4160-8F74-3D07901DE3EC}
	EndGlobalSection
EndGlobal
